
Microsoft Visual Studio Solution File, Format Version 12.00
# Visual Studio Version 17
VisualStudioVersion = 17.0.31903.59
MinimumVisualStudioVersion = 10.0.40219.1
Project("{FAE04EC0-301F-11D3-BF4B-00C04F79EFBC}") = "RightSize", "RightSize\RightSize.csproj", "{01A0CBFE-3A7A-4D7F-BF1F-68A1011E1D7E}"
EndProject
Project("{FAE04EC0-301F-11D3-BF4B-00C04F79EFBC}") = "ChangeString", "ChangeString\ChangeString.csproj", "{AF88BD66-68E2-401B-BF8D-BEAECDFF6538}"
EndProject
Project("{FAE04EC0-301F-11D3-BF4B-00C04F79EFBC}") = "ArrayMul", "ArrayMul\ArrayMul.csproj", "{D582CC7D-95B3-4CB1-AE4D-4439F7A29546}"
EndProject
Project("{FAE04EC0-301F-11D3-BF4B-00C04F79EFBC}") = "HeroPerk", "HeroPerk\HeroPerk.csproj", "{DAEE2F01-A507-4FF5-9780-5FDAFF6BA9CD}"
EndProject
Project("{FAE04EC0-301F-11D3-BF4B-00C04F79EFBC}") = "Pow2Until", "Pow2Until\Pow2Until.csproj", "{CA59257B-2614-473C-8D53-9DB1ACD8C96E}"
EndProject
Project("{FAE04EC0-301F-11D3-BF4B-00C04F79EFBC}") = "FamousQuotes", "FamousQuotes\FamousQuotes.csproj", "{2E8DAC74-B3C2-42CD-A65B-7FA45FE4DB0A}"
EndProject
Project("{FAE04EC0-301F-11D3-BF4B-00C04F79EFBC}") = "RoPaSci", "RoPaSci\RoPaSci.csproj", "{BDB23A13-E453-4006-B0F1-45A76FE41D74}"
EndProject
Global
	GlobalSection(SolutionConfigurationPlatforms) = preSolution
		Debug|Any CPU = Debug|Any CPU
		Release|Any CPU = Release|Any CPU
	EndGlobalSection
	GlobalSection(SolutionProperties) = preSolution
		HideSolutionNode = FALSE
	EndGlobalSection
	GlobalSection(ProjectConfigurationPlatforms) = postSolution
		{01A0CBFE-3A7A-4D7F-BF1F-68A1011E1D7E}.Debug|Any CPU.ActiveCfg = Debug|Any CPU
		{01A0CBFE-3A7A-4D7F-BF1F-68A1011E1D7E}.Debug|Any CPU.Build.0 = Debug|Any CPU
		{01A0CBFE-3A7A-4D7F-BF1F-68A1011E1D7E}.Release|Any CPU.ActiveCfg = Release|Any CPU
		{01A0CBFE-3A7A-4D7F-BF1F-68A1011E1D7E}.Release|Any CPU.Build.0 = Release|Any CPU
		{AF88BD66-68E2-401B-BF8D-BEAECDFF6538}.Debug|Any CPU.ActiveCfg = Debug|Any CPU
		{AF88BD66-68E2-401B-BF8D-BEAECDFF6538}.Debug|Any CPU.Build.0 = Debug|Any CPU
		{AF88BD66-68E2-401B-BF8D-BEAECDFF6538}.Release|Any CPU.ActiveCfg = Release|Any CPU
		{AF88BD66-68E2-401B-BF8D-BEAECDFF6538}.Release|Any CPU.Build.0 = Release|Any CPU
		{D582CC7D-95B3-4CB1-AE4D-4439F7A29546}.Debug|Any CPU.ActiveCfg = Debug|Any CPU
		{D582CC7D-95B3-4CB1-AE4D-4439F7A29546}.Debug|Any CPU.Build.0 = Debug|Any CPU
		{D582CC7D-95B3-4CB1-AE4D-4439F7A29546}.Release|Any CPU.ActiveCfg = Release|Any CPU
		{D582CC7D-95B3-4CB1-AE4D-4439F7A29546}.Release|Any CPU.Build.0 = Release|Any CPU
		{DAEE2F01-A507-4FF5-9780-5FDAFF6BA9CD}.Debug|Any CPU.ActiveCfg = Debug|Any CPU
		{DAEE2F01-A507-4FF5-9780-5FDAFF6BA9CD}.Debug|Any CPU.Build.0 = Debug|Any CPU
		{DAEE2F01-A507-4FF5-9780-5FDAFF6BA9CD}.Release|Any CPU.ActiveCfg = Release|Any CPU
		{DAEE2F01-A507-4FF5-9780-5FDAFF6BA9CD}.Release|Any CPU.Build.0 = Release|Any CPU
		{CA59257B-2614-473C-8D53-9DB1ACD8C96E}.Debug|Any CPU.ActiveCfg = Debug|Any CPU
		{CA59257B-2614-473C-8D53-9DB1ACD8C96E}.Debug|Any CPU.Build.0 = Debug|Any CPU
		{CA59257B-2614-473C-8D53-9DB1ACD8C96E}.Release|Any CPU.ActiveCfg = Release|Any CPU
		{CA59257B-2614-473C-8D53-9DB1ACD8C96E}.Release|Any CPU.Build.0 = Release|Any CPU
		{2E8DAC74-B3C2-42CD-A65B-7FA45FE4DB0A}.Debug|Any CPU.ActiveCfg = Debug|Any CPU
		{2E8DAC74-B3C2-42CD-A65B-7FA45FE4DB0A}.Debug|Any CPU.Build.0 = Debug|Any CPU
		{2E8DAC74-B3C2-42CD-A65B-7FA45FE4DB0A}.Release|Any CPU.ActiveCfg = Release|Any CPU
		{2E8DAC74-B3C2-42CD-A65B-7FA45FE4DB0A}.Release|Any CPU.Build.0 = Release|Any CPU
		{BDB23A13-E453-4006-B0F1-45A76FE41D74}.Debug|Any CPU.ActiveCfg = Debug|Any CPU
		{BDB23A13-E453-4006-B0F1-45A76FE41D74}.Debug|Any CPU.Build.0 = Debug|Any CPU
		{BDB23A13-E453-4006-B0F1-45A76FE41D74}.Release|Any CPU.ActiveCfg = Release|Any CPU
		{BDB23A13-E453-4006-B0F1-45A76FE41D74}.Release|Any CPU.Build.0 = Release|Any CPU
	EndGlobalSection
EndGlobal
